
Microsoft Visual Studio Solution File, Format Version 12.00
# Visual Studio 14
VisualStudioVersion = 14.0.25420.1
MinimumVisualStudioVersion = 10.0.40219.1
Project("{888888A0-9F3D-457C-B088-3A5042F75D52}") = "ASMRProject", "ASMRProject.pyproj", "{E15BBC9F-940A-4889-A456-08BC308C7BA3}"
EndProject
Project("{FAE04EC0-301F-11D3-BF4B-00C04F79EFBC}") = "GraphicsCards", "GraphicsCards\GraphicsCards.csproj", "{92A31BC0-2607-40F4-9E09-4DB0DBE9D58B}"
EndProject
Global
	GlobalSection(SolutionConfigurationPlatforms) = preSolution
		Debug|Any CPU = Debug|Any CPU
		Release|Any CPU = Release|Any CPU
	EndGlobalSection
	GlobalSection(ProjectConfigurationPlatforms) = postSolution
		{E15BBC9F-940A-4889-A456-08BC308C7BA3}.Debug|Any CPU.ActiveCfg = Debug|Any CPU
		{E15BBC9F-940A-4889-A456-08BC308C7BA3}.Release|Any CPU.ActiveCfg = Release|Any CPU
		{92A31BC0-2607-40F4-9E09-4DB0DBE9D58B}.Debug|Any CPU.ActiveCfg = Debug|Any CPU
		{92A31BC0-2607-40F4-9E09-4DB0DBE9D58B}.Debug|Any CPU.Build.0 = Debug|Any CPU
		{92A31BC0-2607-40F4-9E09-4DB0DBE9D58B}.Release|Any CPU.ActiveCfg = Release|Any CPU
		{92A31BC0-2607-40F4-9E09-4DB0DBE9D58B}.Release|Any CPU.Build.0 = Release|Any CPU
	EndGlobalSection
	GlobalSection(SolutionProperties) = preSolution
		HideSolutionNode = FALSE
	EndGlobalSection
EndGlobal
